
Microsoft Visual Studio Solution File, Format Version 12.00
# Visual Studio Version 17
VisualStudioVersion = 17.7.34031.279
MinimumVisualStudioVersion = 10.0.40219.1
Project("{8BC9CEB8-8B4A-11D0-8D11-00A0C91BC942}") = "isostriangle", "isostriangle.vcxproj", "{6669B86D-CD9A-440B-BA41-90C0989D4E6A}"
EndProject
Global
	GlobalSection(SolutionConfigurationPlatforms) = preSolution
		Debug|x64 = Debug|x64
		Debug|x86 = Debug|x86
		Release|x64 = Release|x64
		Release|x86 = Release|x86
	EndGlobalSection
	GlobalSection(ProjectConfigurationPlatforms) = postSolution
		{6669B86D-CD9A-440B-BA41-90C0989D4E6A}.Debug|x64.ActiveCfg = Debug|x64
		{6669B86D-CD9A-440B-BA41-90C0989D4E6A}.Debug|x64.Build.0 = Debug|x64
		{6669B86D-CD9A-440B-BA41-90C0989D4E6A}.Debug|x86.ActiveCfg = Debug|Win32
		{6669B86D-CD9A-440B-BA41-90C0989D4E6A}.Debug|x86.Build.0 = Debug|Win32
		{6669B86D-CD9A-440B-BA41-90C0989D4E6A}.Release|x64.ActiveCfg = Release|x64
		{6669B86D-CD9A-440B-BA41-90C0989D4E6A}.Release|x64.Build.0 = Release|x64
		{6669B86D-CD9A-440B-BA41-90C0989D4E6A}.Release|x86.ActiveCfg = Release|Win32
		{6669B86D-CD9A-440B-BA41-90C0989D4E6A}.Release|x86.Build.0 = Release|Win32
	EndGlobalSection
	GlobalSection(SolutionProperties) = preSolution
		HideSolutionNode = FALSE
	EndGlobalSection
	GlobalSection(ExtensibilityGlobals) = postSolution
		SolutionGuid = {DEAA5006-5B0D-4EE3-B730-92DD1FD1B710}
	EndGlobalSection
EndGlobal
