
Microsoft Visual Studio Solution File, Format Version 12.00
# Visual Studio Version 17
VisualStudioVersion = 17.7.34031.279
MinimumVisualStudioVersion = 10.0.40219.1
Project("{8BC9CEB8-8B4A-11D0-8D11-00A0C91BC942}") = "time24", "time24.vcxproj", "{68F60177-705B-4411-8882-A8DB7F752543}"
EndProject
Global
	GlobalSection(SolutionConfigurationPlatforms) = preSolution
		Debug|x64 = Debug|x64
		Debug|x86 = Debug|x86
		Release|x64 = Release|x64
		Release|x86 = Release|x86
	EndGlobalSection
	GlobalSection(ProjectConfigurationPlatforms) = postSolution
		{68F60177-705B-4411-8882-A8DB7F752543}.Debug|x64.ActiveCfg = Debug|x64
		{68F60177-705B-4411-8882-A8DB7F752543}.Debug|x64.Build.0 = Debug|x64
		{68F60177-705B-4411-8882-A8DB7F752543}.Debug|x86.ActiveCfg = Debug|Win32
		{68F60177-705B-4411-8882-A8DB7F752543}.Debug|x86.Build.0 = Debug|Win32
		{68F60177-705B-4411-8882-A8DB7F752543}.Release|x64.ActiveCfg = Release|x64
		{68F60177-705B-4411-8882-A8DB7F752543}.Release|x64.Build.0 = Release|x64
		{68F60177-705B-4411-8882-A8DB7F752543}.Release|x86.ActiveCfg = Release|Win32
		{68F60177-705B-4411-8882-A8DB7F752543}.Release|x86.Build.0 = Release|Win32
	EndGlobalSection
	GlobalSection(SolutionProperties) = preSolution
		HideSolutionNode = FALSE
	EndGlobalSection
	GlobalSection(ExtensibilityGlobals) = postSolution
		SolutionGuid = {013E1703-9CAB-4486-A2E8-0D988642B514}
	EndGlobalSection
EndGlobal
